
Microsoft Visual Studio Solution File, Format Version 12.00
# Visual Studio Version 16
VisualStudioVersion = 16.0.30621.155
MinimumVisualStudioVersion = 10.0.40219.1
Project("{FAE04EC0-301F-11D3-BF4B-00C04F79EFBC}") = "SimbirSoftTestTask", "SimbirSoftTestTask.csproj", "{556268D6-960F-420B-8B75-39B99D698D08}"
EndProject
Project("{2150E333-8FDC-42A3-9474-1A3956D46DE8}") = "Solution Items", "Solution Items", "{8482CEAB-82BC-46D8-A2DA-F5AA4B77E9C1}"
	ProjectSection(SolutionItems) = preProject
		.editorconfig = .editorconfig
	EndProjectSection
EndProject
Global
	GlobalSection(SolutionConfigurationPlatforms) = preSolution
		Debug|Any CPU = Debug|Any CPU
		Release|Any CPU = Release|Any CPU
	EndGlobalSection
	GlobalSection(ProjectConfigurationPlatforms) = postSolution
		{556268D6-960F-420B-8B75-39B99D698D08}.Debug|Any CPU.ActiveCfg = Debug|Any CPU
		{556268D6-960F-420B-8B75-39B99D698D08}.Debug|Any CPU.Build.0 = Debug|Any CPU
		{556268D6-960F-420B-8B75-39B99D698D08}.Release|Any CPU.ActiveCfg = Release|Any CPU
		{556268D6-960F-420B-8B75-39B99D698D08}.Release|Any CPU.Build.0 = Release|Any CPU
	EndGlobalSection
	GlobalSection(SolutionProperties) = preSolution
		HideSolutionNode = FALSE
	EndGlobalSection
	GlobalSection(ExtensibilityGlobals) = postSolution
		SolutionGuid = {CBEA4EBE-D402-40BC-A189-06B68EEFB6B0}
	EndGlobalSection
EndGlobal
